// !$*UTF8*$!
{
	archiveVersion = 1;
	classes = {
	};
	objectVersion = 46;
	objects = {

/* Begin PBXBuildFile section */
		B0F309691CEEE66700978FD8 /* main.m in Sources */ = {isa = PBXBuildFile; fileRef = B0F309681CEEE66700978FD8 /* main.m */; };
		B0F3096C1CEEE66800978FD8 /* AppDelegate.m in Sources */ = {isa = PBXBuildFile; fileRef = B0F3096B1CEEE66800978FD8 /* AppDelegate.m */; };
		B0F3096F1CEEE66800978FD8 /* ViewController.m in Sources */ = {isa = PBXBuildFile; fileRef = B0F3096E1CEEE66800978FD8 /* ViewController.m */; };
		B0F309721CEEE66800978FD8 /* Main.storyboard in Resources */ = {isa = PBXBuildFile; fileRef = B0F309701CEEE66800978FD8 /* Main.storyboard */; };
		B0F309741CEEE66800978FD8 /* Assets.xcassets in Resources */ = {isa = PBXBuildFile; fileRef = B0F309731CEEE66800978FD8 /* Assets.xcassets */; };
		B0F309771CEEE66900978FD8 /* LaunchScreen.storyboard in Resources */ = {isa = PBXBuildFile; fileRef = B0F309751CEEE66900978FD8 /* LaunchScreen.storyboard */; };
		B0F309821CEEE66900978FD8 /* CNContacts_DemoTests.m in Sources */ = {isa = PBXBuildFile; fileRef = B0F309811CEEE66900978FD8 /* CNContacts_DemoTests.m */; };
		B0F3098D1CEEE66900978FD8 /* CNContacts_DemoUITests.m in Sources */ = {isa = PBXBuildFile; fileRef = B0F3098C1CEEE66900978FD8 /* CNContacts_DemoUITests.m */; };
/* End PBXBuildFile section */

/* Begin PBXContainerItemProxy section */
		B0F3097E1CEEE66900978FD8 /* PBXContainerItemProxy */ = {
			isa = PBXContainerItemProxy;
			containerPortal = B0F3095C1CEEE66600978FD8 /* Project object */;
			proxyType = 1;
			remoteGlobalIDString = B0F309631CEEE66700978FD8;
			remoteInfo = "CNContacts-Demo";
		};
		B0F309891CEEE66900978FD8 /* PBXContainerItemProxy */ = {
			isa = PBXContainerItemProxy;
			containerPortal = B0F3095C1CEEE66600978FD8 /* Project object */;
			proxyType = 1;
			remoteGlobalIDString = B0F309631CEEE66700978FD8;
			remoteInfo = "CNContacts-Demo";
		};
/* End PBXContainerItemProxy section */

/* Begin PBXFileReference section */
		B0F309641CEEE66700978FD8 /* CNContacts-Demo.app */ = {isa = PBXFileReference; explicitFileType = wrapper.application; includeInIndex = 0; path = "CNContacts-Demo.app"; sourceTree = BUILT_PRODUCTS_DIR; };
		B0F309681CEEE66700978FD8 /* main.m */ = {isa = PBXFileReference; lastKnownFileType = sourcecode.c.objc; path = main.m; sourceTree = "<group>"; };
		B0F3096A1CEEE66800978FD8 /* AppDelegate.h */ = {isa = PBXFileReference; lastKnownFileType = sourcecode.c.h; path = AppDelegate.h; sourceTree = "<group>"; };
		B0F3096B1CEEE66800978FD8 /* AppDelegate.m */ = {isa = PBXFileReference; lastKnownFileType = sourcecode.c.objc; path = AppDelegate.m; sourceTree = "<group>"; };
		B0F3096D1CEEE66800978FD8 /* ViewController.h */ = {isa = PBXFileReference; lastKnownFileType = sourcecode.c.h; path = ViewController.h; sourceTree = "<group>"; };
		B0F3096E1CEEE66800978FD8 /* ViewController.m */ = {isa = PBXFileReference; lastKnownFileType = sourcecode.c.objc; path = ViewController.m; sourceTree = "<group>"; };
		B0F309711CEEE66800978FD8 /* Base */ = {isa = PBXFileReference; lastKnownFileType = file.storyboard; name = Base; path = Base.lproj/Main.storyboard; sourceTree = "<group>"; };
		B0F309731CEEE66800978FD8 /* Assets.xcassets */ = {isa = PBXFileReference; lastKnownFileType = folder.assetcatalog; path = Assets.xcassets; sourceTree = "<group>"; };
		B0F309761CEEE66900978FD8 /* Base */ = {isa = PBXFileReference; lastKnownFileType = file.storyboard; name = Base; path = Base.lproj/LaunchScreen.storyboard; sourceTree = "<group>"; };
		B0F309781CEEE66900978FD8 /* Info.plist */ = {isa = PBXFileReference; lastKnownFileType = text.plist.xml; path = Info.plist; sourceTree = "<group>"; };
		B0F3097D1CEEE66900978FD8 /* CNContacts-DemoTests.xctest */ = {isa = PBXFileReference; explicitFileType = wrapper.cfbundle; includeInIndex = 0; path = "CNContacts-DemoTests.xctest"; sourceTree = BUILT_PRODUCTS_DIR; };
		B0F309811CEEE66900978FD8 /* CNContacts_DemoTests.m */ = {isa = PBXFileReference; lastKnownFileType = sourcecode.c.objc; path = CNContacts_DemoTests.m; sourceTree = "<group>"; };
		B0F309831CEEE66900978FD8 /* Info.plist */ = {isa = PBXFileReference; lastKnownFileType = text.plist.xml; path = Info.plist; sourceTree = "<group>"; };
		B0F309881CEEE66900978FD8 /* CNContacts-DemoUITests.xctest */ = {isa = PBXFileReference; explicitFileType = wrapper.cfbundle; includeInIndex = 0; path = "CNContacts-DemoUITests.xctest"; sourceTree = BUILT_PRODUCTS_DIR; };
		B0F3098C1CEEE66900978FD8 /* CNContacts_DemoUITests.m */ = {isa = PBXFileReference; lastKnownFileType = sourcecode.c.objc; path = CNContacts_DemoUITests.m; sourceTree = "<group>"; };
		B0F3098E1CEEE66900978FD8 /* Info.plist */ = {isa = PBXFileReference; lastKnownFileType = text.plist.xml; path = Info.plist; sourceTree = "<group>"; };
/* End PBXFileReference section */

/* Begin PBXFrameworksBuildPhase section */
		B0F309611CEEE66700978FD8 /* Frameworks */ = {
			isa = PBXFrameworksBuildPhase;
			buildActionMask = 2147483647;
			files = (
			);
			runOnlyForDeploymentPostprocessing = 0;
		};
		B0F3097A1CEEE66900978FD8 /* Frameworks */ = {
			isa = PBXFrameworksBuildPhase;
			buildActionMask = 2147483647;
			files = (
			);
			runOnlyForDeploymentPostprocessing = 0;
		};
		B0F309851CEEE66900978FD8 /* Frameworks */ = {
			isa = PBXFrameworksBuildPhase;
			buildActionMask = 2147483647;
			files = (
			);
			runOnlyForDeploymentPostprocessing = 0;
		};
/* End PBXFrameworksBuildPhase section */

/* Begin PBXGroup section */
		B0F3095B1CEEE66600978FD8 = {
			isa = PBXGroup;
			children = (
				B0F309661CEEE66700978FD8 /* CNContacts-Demo */,
				B0F309801CEEE66900978FD8 /* CNContacts-DemoTests */,
				B0F3098B1CEEE66900978FD8 /* CNContacts-DemoUITests */,
				B0F309651CEEE66700978FD8 /* Products */,
			);
			sourceTree = "<group>";
		};
		B0F309651CEEE66700978FD8 /* Products */ = {
			isa = PBXGroup;
			children = (
				B0F309641CEEE66700978FD8 /* CNContacts-Demo.app */,
				B0F3097D1CEEE66900978FD8 /* CNContacts-DemoTests.xctest */,
				B0F309881CEEE66900978FD8 /* CNContacts-DemoUITests.xctest */,
			);
			name = Products;
			sourceTree = "<group>";
		};
		B0F309661CEEE66700978FD8 /* CNContacts-Demo */ = {
			isa = PBXGroup;
			children = (
				B0F3096A1CEEE66800978FD8 /* AppDelegate.h */,
				B0F3096B1CEEE66800978FD8 /* AppDelegate.m */,
				B0F3096D1CEEE66800978FD8 /* ViewController.h */,
				B0F3096E1CEEE66800978FD8 /* ViewController.m */,
				B0F309701CEEE66800978FD8 /* Main.storyboard */,
				B0F309731CEEE66800978FD8 /* Assets.xcassets */,
				B0F309751CEEE66900978FD8 /* LaunchScreen.storyboard */,
				B0F309781CEEE66900978FD8 /* Info.plist */,
				B0F309671CEEE66700978FD8 /* Supporting Files */,
			);
			path = "CNContacts-Demo";
			sourceTree = "<group>";
		};
		B0F309671CEEE66700978FD8 /* Supporting Files */ = {
			isa = PBXGroup;
			children = (
				B0F309681CEEE66700978FD8 /* main.m */,
			);
			name = "Supporting Files";
			sourceTree = "<group>";
		};
		B0F309801CEEE66900978FD8 /* CNContacts-DemoTests */ = {
			isa = PBXGroup;
			children = (
				B0F309811CEEE66900978FD8 /* CNContacts_DemoTests.m */,
				B0F309831CEEE66900978FD8 /* Info.plist */,
			);
			path = "CNContacts-DemoTests";
			sourceTree = "<group>";
		};
		B0F3098B1CEEE66900978FD8 /* CNContacts-DemoUITests */ = {
			isa = PBXGroup;
			children = (
				B0F3098C1CEEE66900978FD8 /* CNContacts_DemoUITests.m */,
				B0F3098E1CEEE66900978FD8 /* Info.plist */,
			);
			path = "CNContacts-DemoUITests";
			sourceTree = "<group>";
		};
/* End PBXGroup section */

/* Begin PBXNativeTarget section */
		B0F309631CEEE66700978FD8 /* CNContacts-Demo */ = {
			isa = PBXNativeTarget;
			buildConfigurationList = B0F309911CEEE66900978FD8 /* Build configuration list for PBXNativeTarget "CNContacts-Demo" */;
			buildPhases = (
				B0F309601CEEE66700978FD8 /* Sources */,
				B0F309611CEEE66700978FD8 /* Frameworks */,
				B0F309621CEEE66700978FD8 /* Resources */,
			);
			buildRules = (
			);
			dependencies = (
			);
			name = "CNContacts-Demo";
			productName = "CNContacts-Demo";
			productReference = B0F309641CEEE66700978FD8 /* CNContacts-Demo.app */;
			productType = "com.apple.product-type.application";
		};
		B0F3097C1CEEE66900978FD8 /* CNContacts-DemoTests */ = {
			isa = PBXNativeTarget;
			buildConfigurationList = B0F309941CEEE66900978FD8 /* Build configuration list for PBXNativeTarget "CNContacts-DemoTests" */;
			buildPhases = (
				B0F309791CEEE66900978FD8 /* Sources */,
				B0F3097A1CEEE66900978FD8 /* Frameworks */,
				B0F3097B1CEEE66900978FD8 /* Resources */,
			);
			buildRules = (
			);
			dependencies = (
				B0F3097F1CEEE66900978FD8 /* PBXTargetDependency */,
			);
			name = "CNContacts-DemoTests";
			productName = "CNContacts-DemoTests";
			productReference = B0F3097D1CEEE66900978FD8 /* CNContacts-DemoTests.xctest */;
			productType = "com.apple.product-type.bundle.unit-test";
		};
		B0F309871CEEE66900978FD8 /* CNContacts-DemoUITests */ = {
			isa = PBXNativeTarget;
			buildConfigurationList = B0F309971CEEE66900978FD8 /* Build configuration list for PBXNativeTarget "CNContacts-DemoUITests" */;
			buildPhases = (
				B0F309841CEEE66900978FD8 /* Sources */,
				B0F309851CEEE66900978FD8 /* Frameworks */,
				B0F309861CEEE66900978FD8 /* Resources */,
			);
			buildRules = (
			);
			dependencies = (
				B0F3098A1CEEE66900978FD8 /* PBXTargetDependency */,
			);
			name = "CNContacts-DemoUITests";
			productName = "CNContacts-DemoUITests";
			productReference = B0F309881CEEE66900978FD8 /* CNContacts-DemoUITests.xctest */;
			productType = "com.apple.product-type.bundle.ui-testing";
		};
/* End PBXNativeTarget section */

/* Begin PBXProject section */
		B0F3095C1CEEE66600978FD8 /* Project object */ = {
			isa = PBXProject;
			attributes = {
				LastUpgradeCheck = 0720;
				ORGANIZATIONNAME = vishalsonawane;
				TargetAttributes = {
					B0F309631CEEE66700978FD8 = {
						CreatedOnToolsVersion = 7.2.1;
					};
					B0F3097C1CEEE66900978FD8 = {
						CreatedOnToolsVersion = 7.2.1;
						TestTargetID = B0F309631CEEE66700978FD8;
					};
					B0F309871CEEE66900978FD8 = {
						CreatedOnToolsVersion = 7.2.1;
						TestTargetID = B0F309631CEEE66700978FD8;
					};
				};
			};
			buildConfigurationList = B0F3095F1CEEE66600978FD8 /* Build configuration list for PBXProject "CNContacts-Demo" */;
			compatibilityVersion = "Xcode 3.2";
			developmentRegion = English;
			hasScannedForEncodings = 0;
			knownRegions = (
				en,
				Base,
			);
			mainGroup = B0F3095B1CEEE66600978FD8;
			productRefGroup = B0F309651CEEE66700978FD8 /* Products */;
			projectDirPath = "";
			projectRoot = "";
			targets = (
				B0F309631CEEE66700978FD8 /* CNContacts-Demo */,
				B0F3097C1CEEE66900978FD8 /* CNContacts-DemoTests */,
				B0F309871CEEE66900978FD8 /* CNContacts-DemoUITests */,
			);
		};
/* End PBXProject section */

/* Begin PBXResourcesBuildPhase section */
		B0F309621CEEE66700978FD8 /* Resources */ = {
			isa = PBXResourcesBuildPhase;
			buildActionMask = 2147483647;
			files = (
				B0F309771CEEE66900978FD8 /* LaunchScreen.storyboard in Resources */,
				B0F309741CEEE66800978FD8 /* Assets.xcassets in Resources */,
				B0F309721CEEE66800978FD8 /* Main.storyboard in Resources */,
			);
			runOnlyForDeploymentPostprocessing = 0;
		};
		B0F3097B1CEEE66900978FD8 /* Resources */ = {
			isa = PBXResourcesBuildPhase;
			buildActionMask = 2147483647;
			files = (
			);
			runOnlyForDeploymentPostprocessing = 0;
		};
		B0F309861CEEE66900978FD8 /* Resources */ = {
			isa = PBXResourcesBuildPhase;
			buildActionMask = 2147483647;
			files = (
			);
			runOnlyForDeploymentPostprocessing = 0;
		};
/* End PBXResourcesBuildPhase section */

/* Begin PBXSourcesBuildPhase section */
		B0F309601CEEE66700978FD8 /* Sources */ = {
			isa = PBXSourcesBuildPhase;
			buildActionMask = 2147483647;
			files = (
				B0F3096F1CEEE66800978FD8 /* ViewController.m in Sources */,
				B0F3096C1CEEE66800978FD8 /* AppDelegate.m in Sources */,
				B0F309691CEEE66700978FD8 /* main.m in Sources */,
			);
			runOnlyForDeploymentPostprocessing = 0;
		};
		B0F309791CEEE66900978FD8 /* Sources */ = {
			isa = PBXSourcesBuildPhase;
			buildActionMask = 2147483647;
			files = (
				B0F309821CEEE66900978FD8 /* CNContacts_DemoTests.m in Sources */,
			);
			runOnlyForDeploymentPostprocessing = 0;
		};
		B0F309841CEEE66900978FD8 /* Sources */ = {
			isa = PBXSourcesBuildPhase;
			buildActionMask = 2147483647;
			files = (
				B0F3098D1CEEE66900978FD8 /* CNContacts_DemoUITests.m in Sources */,
			);
			runOnlyForDeploymentPostprocessing = 0;
		};
/* End PBXSourcesBuildPhase section */

/* Begin PBXTargetDependency section */
		B0F3097F1CEEE66900978FD8 /* PBXTargetDependency */ = {
			isa = PBXTargetDependency;
			target = B0F309631CEEE66700978FD8 /* CNContacts-Demo */;
			targetProxy = B0F3097E1CEEE66900978FD8 /* PBXContainerItemProxy */;
		};
		B0F3098A1CEEE66900978FD8 /* PBXTargetDependency */ = {
			isa = PBXTargetDependency;
			target = B0F309631CEEE66700978FD8 /* CNContacts-Demo */;
			targetProxy = B0F309891CEEE66900978FD8 /* PBXContainerItemProxy */;
		};
/* End PBXTargetDependency section */

/* Begin PBXVariantGroup section */
		B0F309701CEEE66800978FD8 /* Main.storyboard */ = {
			isa = PBXVariantGroup;
			children = (
				B0F309711CEEE66800978FD8 /* Base */,
			);
			name = Main.storyboard;
			sourceTree = "<group>";
		};
		B0F309751CEEE66900978FD8 /* LaunchScreen.storyboard */ = {
			isa = PBXVariantGroup;
			children = (
				B0F309761CEEE66900978FD8 /* Base */,
			);
			name = LaunchScreen.storyboard;
			sourceTree = "<group>";
		};
/* End PBXVariantGroup section */

/* Begin XCBuildConfiguration section */
		B0F3098F1CEEE66900978FD8 /* Debug */ = {
			isa = XCBuildConfiguration;
			buildSettings = {
				ALWAYS_SEARCH_USER_PATHS = NO;
				CLANG_CXX_LANGUAGE_STANDARD = "gnu++0x";
				CLANG_CXX_LIBRARY = "libc++";
				CLANG_ENABLE_MODULES = YES;
				CLANG_ENABLE_OBJC_ARC = YES;
				CLANG_WARN_BOOL_CONVERSION = YES;
				CLANG_WARN_CONSTANT_CONVERSION = YES;
				CLANG_WARN_DIRECT_OBJC_ISA_USAGE = YES_ERROR;
				CLANG_WARN_EMPTY_BODY = YES;
				CLANG_WARN_ENUM_CONVERSION = YES;
				CLANG_WARN_INT_CONVERSION = YES;
				CLANG_WARN_OBJC_ROOT_CLASS = YES_ERROR;
				CLANG_WARN_UNREACHABLE_CODE = YES;
				CLANG_WARN__DUPLICATE_METHOD_MATCH = YES;
				"CODE_SIGN_IDENTITY[sdk=iphoneos*]" = "iPhone Developer";
				COPY_PHASE_STRIP = NO;
				DEBUG_INFORMATION_FORMAT = dwarf;
				ENABLE_STRICT_OBJC_MSGSEND = YES;
				ENABLE_TESTABILITY = YES;
				GCC_C_LANGUAGE_STANDARD = gnu99;
				GCC_DYNAMIC_NO_PIC = NO;
				GCC_NO_COMMON_BLOCKS = YES;
				GCC_OPTIMIZATION_LEVEL = 0;
				GCC_PREPROCESSOR_DEFINITIONS = (
					"DEBUG=1",
					"$(inherited)",
				);
				GCC_WARN_64_TO_32_BIT_CONVERSION = YES;
				GCC_WARN_ABOUT_RETURN_TYPE = YES_ERROR;
				GCC_WARN_UNDECLARED_SELECTOR = YES;
				GCC_WARN_UNINITIALIZED_AUTOS = YES_AGGRESSIVE;
				GCC_WARN_UNUSED_FUNCTION = YES;
				GCC_WARN_UNUSED_VARIABLE = YES;
				IPHONEOS_DEPLOYMENT_TARGET = 9.2;
				MTL_ENABLE_DEBUG_INFO = YES;
				ONLY_ACTIVE_ARCH = YES;
				SDKROOT = iphoneos;
				TARGETED_DEVICE_FAMILY = "1,2";
			};
			name = Debug;
		};
		B0F309901CEEE66900978FD8 /* Release */ = {
			isa = XCBuildConfiguration;
			buildSettings = {
				ALWAYS_SEARCH_USER_PATHS = NO;
				CLANG_CXX_LANGUAGE_STANDARD = "gnu++0x";
				CLANG_CXX_LIBRARY = "libc++";
				CLANG_ENABLE_MODULES = YES;
				CLANG_ENABLE_OBJC_ARC = YES;
				CLANG_WARN_BOOL_CONVERSION = YES;
				CLANG_WARN_CONSTANT_CONVERSION = YES;
				CLANG_WARN_DIRECT_OBJC_ISA_USAGE = YES_ERROR;
				CLANG_WARN_EMPTY_BODY = YES;
				CLANG_WARN_ENUM_CONVERSION = YES;
				CLANG_WARN_INT_CONVERSION = YES;
				CLANG_WARN_OBJC_ROOT_CLASS = YES_ERROR;
				CLANG_WARN_UNREACHABLE_CODE = YES;
				CLANG_WARN__DUPLICATE_METHOD_MATCH = YES;
				"CODE_SIGN_IDENTITY[sdk=iphoneos*]" = "iPhone Developer";
				COPY_PHASE_STRIP = NO;
				DEBUG_INFORMATION_FORMAT = "dwarf-with-dsym";
				ENABLE_NS_ASSERTIONS = NO;
				ENABLE_STRICT_OBJC_MSGSEND = YES;
				GCC_C_LANGUAGE_STANDARD = gnu99;
				GCC_NO_COMMON_BLOCKS = YES;
				GCC_WARN_64_TO_32_BIT_CONVERSION = YES;
				GCC_WARN_ABOUT_RETURN_TYPE = YES_ERROR;
				GCC_WARN_UNDECLARED_SELECTOR = YES;
				GCC_WARN_UNINITIALIZED_AUTOS = YES_AGGRESSIVE;
				GCC_WARN_UNUSED_FUNCTION = YES;
				GCC_WARN_UNUSED_VARIABLE = YES;
				IPHONEOS_DEPLOYMENT_TARGET = 9.2;
				MTL_ENABLE_DEBUG_INFO = NO;
				SDKROOT = iphoneos;
				TARGETED_DEVICE_FAMILY = "1,2";
				VALIDATE_PRODUCT = YES;
			};
			name = Release;
		};
		B0F309921CEEE66900978FD8 /* Debug */ = {
			isa = XCBuildConfiguration;
			buildSettings = {
				ASSETCATALOG_COMPILER_APPICON_NAME = AppIcon;
				INFOPLIST_FILE = "CNContacts-Demo/Info.plist";
				LD_RUNPATH_SEARCH_PATHS = "$(inherited) @executable_path/Frameworks";
				PRODUCT_BUNDLE_IDENTIFIER = "benchmark.CNContacts-Demo";
				PRODUCT_NAME = "$(TARGET_NAME)";
			};
			name = Debug;
		};
		B0F309931CEEE66900978FD8 /* Release */ = {
			isa = XCBuildConfiguration;
			buildSettings = {
				ASSETCATALOG_COMPILER_APPICON_NAME = AppIcon;
				INFOPLIST_FILE = "CNContacts-Demo/Info.plist";
				LD_RUNPATH_SEARCH_PATHS = "$(inherited) @executable_path/Frameworks";
				PRODUCT_BUNDLE_IDENTIFIER = "benchmark.CNContacts-Demo";
				PRODUCT_NAME = "$(TARGET_NAME)";
			};
			name = Release;
		};
		B0F309951CEEE66900978FD8 /* Debug */ = {
			isa = XCBuildConfiguration;
			buildSettings = {
				BUNDLE_LOADER = "$(TEST_HOST)";
				INFOPLIST_FILE = "CNContacts-DemoTests/Info.plist";
				LD_RUNPATH_SEARCH_PATHS = "$(inherited) @executable_path/Frameworks @loader_path/Frameworks";
				PRODUCT_BUNDLE_IDENTIFIER = "benchmark.CNContacts-DemoTests";
				PRODUCT_NAME = "$(TARGET_NAME)";
				TEST_HOST = "$(BUILT_PRODUCTS_DIR)/CNContacts-Demo.app/CNContacts-Demo";
			};
			name = Debug;
		};
		B0F309961CEEE66900978FD8 /* Release */ = {
			isa = XCBuildConfiguration;
			buildSettings = {
				BUNDLE_LOADER = "$(TEST_HOST)";
				INFOPLIST_FILE = "CNContacts-DemoTests/Info.plist";
				LD_RUNPATH_SEARCH_PATHS = "$(inherited) @executable_path/Frameworks @loader_path/Frameworks";
				PRODUCT_BUNDLE_IDENTIFIER = "benchmark.CNContacts-DemoTests";
				PRODUCT_NAME = "$(TARGET_NAME)";
				TEST_HOST = "$(BUILT_PRODUCTS_DIR)/CNContacts-Demo.app/CNContacts-Demo";
			};
			name = Release;
		};
		B0F309981CEEE66900978FD8 /* Debug */ = {
			isa = XCBuildConfiguration;
			buildSettings = {
				INFOPLIST_FILE = "CNContacts-DemoUITests/Info.plist";
				LD_RUNPATH_SEARCH_PATHS = "$(inherited) @executable_path/Frameworks @loader_path/Frameworks";
				PRODUCT_BUNDLE_IDENTIFIER = "benchmark.CNContacts-DemoUITests";
				PRODUCT_NAME = "$(TARGET_NAME)";
				TEST_TARGET_NAME = "CNContacts-Demo";
				USES_XCTRUNNER = YES;
			};
			name = Debug;
		};
		B0F309991CEEE66900978FD8 /* Release */ = {
			isa = XCBuildConfiguration;
			buildSettings = {
				INFOPLIST_FILE = "CNContacts-DemoUITests/Info.plist";
				LD_RUNPATH_SEARCH_PATHS = "$(inherited) @executable_path/Frameworks @loader_path/Frameworks";
				PRODUCT_BUNDLE_IDENTIFIER = "benchmark.CNContacts-DemoUITests";
				PRODUCT_NAME = "$(TARGET_NAME)";
				TEST_TARGET_NAME = "CNContacts-Demo";
				USES_XCTRUNNER = YES;
			};
			name = Release;
		};
/* End XCBuildConfiguration section */

/* Begin XCConfigurationList section */
		B0F3095F1CEEE66600978FD8 /* Build configuration list for PBXProject "CNContacts-Demo" */ = {
			isa = XCConfigurationList;
			buildConfigurations = (
				B0F3098F1CEEE66900978FD8 /* Debug */,
				B0F309901CEEE66900978FD8 /* Release */,
			);
			defaultConfigurationIsVisible = 0;
			defaultConfigurationName = Release;
		};
		B0F309911CEEE66900978FD8 /* Build configuration list for PBXNativeTarget "CNContacts-Demo" */ = {
			isa = XCConfigurationList;
			buildConfigurations = (
				B0F309921CEEE66900978FD8 /* Debug */,
				B0F309931CEEE66900978FD8 /* Release */,
			);
			defaultConfigurationIsVisible = 0;
		};
		B0F309941CEEE66900978FD8 /* Build configuration list for PBXNativeTarget "CNContacts-DemoTests" */ = {
			isa = XCConfigurationList;
			buildConfigurations = (
				B0F309951CEEE66900978FD8 /* Debug */,
				B0F309961CEEE66900978FD8 /* Release */,
			);
			defaultConfigurationIsVisible = 0;
		};
		B0F309971CEEE66900978FD8 /* Build configuration list for PBXNativeTarget "CNContacts-DemoUITests" */ = {
			isa = XCConfigurationList;
			buildConfigurations = (
				B0F309981CEEE66900978FD8 /* Debug */,
				B0F309991CEEE66900978FD8 /* Release */,
			);
			defaultConfigurationIsVisible = 0;
		};
/* End XCConfigurationList section */
	};
	rootObject = B0F3095C1CEEE66600978FD8 /* Project object */;
}
